{
  "version": 4,
  "terraform_version": "1.8.5",
  "serial": 2,
  "lineage": "8ede7440-c9a3-3349-763b-3aa602817ef1",
  "outputs": {
    "dynamic_name": {
      "value": "foo-iqjq",
      "type": "string"
    },
    "workspace_name": {
      "value": "default",
      "type": "string"
    }
  },
  "resources": [
    {
      "mode": "managed",
      "type": "random_string",
      "name": "random",
      "provider": "provider[\"registry.terraform.io/hashicorp/random\"]",
      "instances": [
        {
          "schema_version": 2,
          "attributes": {
            "id": "iqjq",
            "keepers": null,
            "length": 4,
            "lower": true,
            "min_lower": 0,
            "min_numeric": 0,
            "min_special": 0,
            "min_upper": 0,
            "number": true,
            "numeric": true,
            "override_special": null,
            "result": "iqjq",
            "special": false,
            "upper": false
          },
          "sensitive_attributes": []
        }
      ]
    }
  ],
  "check_results": null
}
