
Microsoft Visual Studio Solution File, Format Version 12.00
# Visual Studio Version 17
VisualStudioVersion = 17.9.34607.119
MinimumVisualStudioVersion = 10.0.40219.1
Project("{9A19103F-16F7-4668-BE54-9A1E7A4F7556}") = "FleetAPI", "FleetAPI\FleetAPI.csproj", "{DA5000A3-5AEB-4EC7-AC9F-EF19F8883236}"
EndProject
Global
	GlobalSection(SolutionConfigurationPlatforms) = preSolution
		Debug|Any CPU = Debug|Any CPU
		Release|Any CPU = Release|Any CPU
	EndGlobalSection
	GlobalSection(ProjectConfigurationPlatforms) = postSolution
		{DA5000A3-5AEB-4EC7-AC9F-EF19F8883236}.Debug|Any CPU.ActiveCfg = Debug|Any CPU
		{DA5000A3-5AEB-4EC7-AC9F-EF19F8883236}.Debug|Any CPU.Build.0 = Debug|Any CPU
		{DA5000A3-5AEB-4EC7-AC9F-EF19F8883236}.Release|Any CPU.ActiveCfg = Release|Any CPU
		{DA5000A3-5AEB-4EC7-AC9F-EF19F8883236}.Release|Any CPU.Build.0 = Release|Any CPU
		{79251894-B685-4368-898D-62A9A5D9AD83}.Debug|Any CPU.ActiveCfg = Debug|Any CPU
		{79251894-B685-4368-898D-62A9A5D9AD83}.Debug|Any CPU.Build.0 = Debug|Any CPU
		{79251894-B685-4368-898D-62A9A5D9AD83}.Release|Any CPU.ActiveCfg = Release|Any CPU
		{79251894-B685-4368-898D-62A9A5D9AD83}.Release|Any CPU.Build.0 = Release|Any CPU
	EndGlobalSection
	GlobalSection(SolutionProperties) = preSolution
		HideSolutionNode = FALSE
	EndGlobalSection
	GlobalSection(ExtensibilityGlobals) = postSolution
		SolutionGuid = {F898CF76-4E72-4732-BCCF-51A33230A199}
	EndGlobalSection
EndGlobal
