{
  "version": 4,
  "terraform_version": "1.8.5",
  "serial": 33,
  "lineage": "996f53a1-4dfb-0294-ff2d-202b2b83382a",
  "outputs": {
    "id": {
      "value": {
        "b64_std": "IpVgeF7uUY0=",
        "b64_url": "IpVgeF7uUY0",
        "dec": "2492004038924456333",
        "hex": "229560785eee518d",
        "id": "IpVgeF7uUY0"
      },
      "type": [
        "object",
        {
          "b64_std": "string",
          "b64_url": "string",
          "dec": "string",
          "hex": "string",
          "id": "string"
        }
      ]
    },
    "pet_name": {
      "value": "proud-octopus",
      "type": "string"
    }
  },
  "resources": [
    {
      "mode": "managed",
      "type": "random_id",
      "name": "server",
      "provider": "provider[\"registry.terraform.io/hashicorp/random\"]",
      "instances": [
        {
          "schema_version": 0,
          "attributes": {
            "b64_std": "IpVgeF7uUY0=",
            "b64_url": "IpVgeF7uUY0",
            "byte_length": 8,
            "dec": "2492004038924456333",
            "hex": "229560785eee518d",
            "id": "IpVgeF7uUY0",
            "keepers": null,
            "prefix": null
          },
          "sensitive_attributes": []
        }
      ]
    },
    {
      "mode": "managed",
      "type": "random_pet",
      "name": "server",
      "provider": "provider[\"registry.terraform.io/hashicorp/random\"]",
      "instances": [
        {
          "schema_version": 0,
          "attributes": {
            "id": "proud-octopus",
            "keepers": {
              "always": "2024-06-26T06:05:52Z"
            },
            "length": 2,
            "prefix": null,
            "separator": "-"
          },
          "sensitive_attributes": []
        }
      ]
    }
  ],
  "check_results": null
}
