
Microsoft Visual Studio Solution File, Format Version 12.00
# Visual Studio Version 17
VisualStudioVersion = 17.7.34024.191
MinimumVisualStudioVersion = 10.0.40219.1
Project("{FAE04EC0-301F-11D3-BF4B-00C04F79EFBC}") = "FleetPortal", "FleetPortal.csproj", "{4D38AC59-A666-48C5-B6D3-4AF567761B5C}"
EndProject
Global
	GlobalSection(SolutionConfigurationPlatforms) = preSolution
		Debug|Any CPU = Debug|Any CPU
		Release|Any CPU = Release|Any CPU
	EndGlobalSection
	GlobalSection(ProjectConfigurationPlatforms) = postSolution
		{4D38AC59-A666-48C5-B6D3-4AF567761B5C}.Debug|Any CPU.ActiveCfg = Debug|Any CPU
		{4D38AC59-A666-48C5-B6D3-4AF567761B5C}.Debug|Any CPU.Build.0 = Debug|Any CPU
		{4D38AC59-A666-48C5-B6D3-4AF567761B5C}.Release|Any CPU.ActiveCfg = Release|Any CPU
		{4D38AC59-A666-48C5-B6D3-4AF567761B5C}.Release|Any CPU.Build.0 = Release|Any CPU
	EndGlobalSection
	GlobalSection(SolutionProperties) = preSolution
		HideSolutionNode = FALSE
	EndGlobalSection
	GlobalSection(ExtensibilityGlobals) = postSolution
		SolutionGuid = {D12D4CA5-9B49-452C-80B4-1A1F4412C598}
	EndGlobalSection
EndGlobal
