
Microsoft Visual Studio Solution File, Format Version 12.00
# Visual Studio Version 17
VisualStudioVersion = 17.7.34221.43
MinimumVisualStudioVersion = 10.0.40219.1
Project("{FAE04EC0-301F-11D3-BF4B-00C04F79EFBC}") = "FleetAPI", "FleetAPI.csproj", "{0CFAAF44-E12D-4156-9CFC-F54172FC2336}"
EndProject
Global
	GlobalSection(SolutionConfigurationPlatforms) = preSolution
		Debug|Any CPU = Debug|Any CPU
		Release|Any CPU = Release|Any CPU
	EndGlobalSection
	GlobalSection(ProjectConfigurationPlatforms) = postSolution
		{0CFAAF44-E12D-4156-9CFC-F54172FC2336}.Debug|Any CPU.ActiveCfg = Debug|Any CPU
		{0CFAAF44-E12D-4156-9CFC-F54172FC2336}.Debug|Any CPU.Build.0 = Debug|Any CPU
		{0CFAAF44-E12D-4156-9CFC-F54172FC2336}.Release|Any CPU.ActiveCfg = Release|Any CPU
		{0CFAAF44-E12D-4156-9CFC-F54172FC2336}.Release|Any CPU.Build.0 = Release|Any CPU
	EndGlobalSection
	GlobalSection(SolutionProperties) = preSolution
		HideSolutionNode = FALSE
	EndGlobalSection
	GlobalSection(ExtensibilityGlobals) = postSolution
		SolutionGuid = {CF54156D-12C5-4304-B02D-F1FF8491C332}
	EndGlobalSection
EndGlobal
