
Microsoft Visual Studio Solution File, Format Version 12.00
# Visual Studio Version 17
VisualStudioVersion = 17.7.34031.279
MinimumVisualStudioVersion = 10.0.40219.1
Project("{FAE04EC0-301F-11D3-BF4B-00C04F79EFBC}") = "FleetAPI", "FleetAPI.csproj", "{CC63E1F8-6DAE-4D29-AD2B-A6EFD907419D}"
EndProject
Global
	GlobalSection(SolutionConfigurationPlatforms) = preSolution
		Debug|Any CPU = Debug|Any CPU
		Release|Any CPU = Release|Any CPU
	EndGlobalSection
	GlobalSection(ProjectConfigurationPlatforms) = postSolution
		{CC63E1F8-6DAE-4D29-AD2B-A6EFD907419D}.Debug|Any CPU.ActiveCfg = Debug|Any CPU
		{CC63E1F8-6DAE-4D29-AD2B-A6EFD907419D}.Debug|Any CPU.Build.0 = Debug|Any CPU
		{CC63E1F8-6DAE-4D29-AD2B-A6EFD907419D}.Release|Any CPU.ActiveCfg = Release|Any CPU
		{CC63E1F8-6DAE-4D29-AD2B-A6EFD907419D}.Release|Any CPU.Build.0 = Release|Any CPU
	EndGlobalSection
	GlobalSection(SolutionProperties) = preSolution
		HideSolutionNode = FALSE
	EndGlobalSection
	GlobalSection(ExtensibilityGlobals) = postSolution
		SolutionGuid = {D6A31C7D-6C2B-486C-9004-63DE920B77A2}
	EndGlobalSection
EndGlobal
